
Microsoft Visual Studio Solution File, Format Version 12.00
# Visual Studio Version 17
VisualStudioVersion = 17.9.34728.123
MinimumVisualStudioVersion = 10.0.40219.1
Project("{FAE04EC0-301F-11D3-BF4B-00C04F79EFBC}") = "LINQDemo", "LINQDemo\LINQDemo.csproj", "{BEAC4AA8-C576-46EE-88FA-B70CA089BFE4}"
EndProject
Global
	GlobalSection(SolutionConfigurationPlatforms) = preSolution
		Debug|Any CPU = Debug|Any CPU
		Release|Any CPU = Release|Any CPU
	EndGlobalSection
	GlobalSection(ProjectConfigurationPlatforms) = postSolution
		{BEAC4AA8-C576-46EE-88FA-B70CA089BFE4}.Debug|Any CPU.ActiveCfg = Debug|Any CPU
		{BEAC4AA8-C576-46EE-88FA-B70CA089BFE4}.Debug|Any CPU.Build.0 = Debug|Any CPU
		{BEAC4AA8-C576-46EE-88FA-B70CA089BFE4}.Release|Any CPU.ActiveCfg = Release|Any CPU
		{BEAC4AA8-C576-46EE-88FA-B70CA089BFE4}.Release|Any CPU.Build.0 = Release|Any CPU
	EndGlobalSection
	GlobalSection(SolutionProperties) = preSolution
		HideSolutionNode = FALSE
	EndGlobalSection
	GlobalSection(ExtensibilityGlobals) = postSolution
		SolutionGuid = {19C76936-737A-4984-B073-A3073110ADB8}
	EndGlobalSection
EndGlobal
